--- 
dependencies: 
  faker: 
    group: 
    - :default
    version: ">= 0"
  mongo_mapper: 
    group: 
    - :default
    version: ">= 0"
  rails: 
    group: 
    - :default
    version: = 3.0.0.beta3
  haml: 
    group: 
    - :default
    version: ">= 0"
  machinist: 
    group: 
    - :test
    version: ">= 0"
  rspec: 
    group: 
    - :test
    version: ">= 2.0.0.a5"
  rails3-generators: 
    group: 
    - :default
    version: ">= 0"
  rspec-rails: 
    group: 
    - :test
    version: ">= 2.0.0.a6"
specs: 
- rake: 
    version: 0.8.7
- abstract: 
    version: 1.0.0
- builder: 
    version: 2.1.2
- i18n: 
    version: 0.3.7
- memcache-client: 
    version: 1.8.3
- tzinfo: 
    version: 0.3.22
- activesupport: 
    version: 3.0.0.beta3
- activemodel: 
    version: 3.0.0.beta3
- erubis: 
    version: 2.6.5
- rack: 
    version: 1.1.0
- rack-mount: 
    version: 0.6.3
- rack-test: 
    version: 0.5.4
- actionpack: 
    version: 3.0.0.beta3
- mime-types: 
    version: "1.16"
- polyglot: 
    version: 0.3.1
- treetop: 
    version: 1.4.8
- mail: 
    version: 2.2.1
- text-hyphen: 
    version: 1.0.0
- text-format: 
    version: 1.0.0
- actionmailer: 
    version: 3.0.0.beta3
- arel: 
    version: 0.3.3
- activerecord: 
    version: 3.0.0.beta3
- activeresource: 
    version: 3.0.0.beta3
- bson: 
    version: "1.0"
- bundler: 
    version: 0.9.25
- diff-lcs: 
    version: 1.1.2
- faker: 
    version: 0.3.1
- haml: 
    version: 3.0.9
- jnunemaker-validatable: 
    version: 1.8.4
- machinist: 
    version: 1.0.6
- mongo: 
    version: "1.0"
- plucky: 
    version: 0.1.1
- mongo_mapper: 
    version: 0.7.6
- nokogiri: 
    version: 1.4.2
- thor: 
    version: 0.13.6
- railties: 
    version: 3.0.0.beta3
- rails: 
    version: 3.0.0.beta3
- rails3-generators: 
    version: 0.8.1
- rspec-core: 
    version: 2.0.0.beta.10
- rspec-expectations: 
    version: 2.0.0.beta.10
- rspec-mocks: 
    version: 2.0.0.beta.10
- rspec: 
    version: 2.0.0.beta.10
- webrat: 
    version: 0.7.1
- rspec-rails: 
    version: 2.0.0.beta.10
hash: bc5d87b206699e08f941391855af75f9570472f3
sources: 
- Rubygems: 
    uri: http://rubygems.org
